// !$*UTF8*$!
{
	archiveVersion = 1;
	classes = {
	};
	objectVersion = 48;
	objects = {

/* Begin PBXBuildFile section */
		7B028BCF26248F9D009DD3F8 /* AgoraCore.framework in Frameworks */ = {isa = PBXBuildFile; fileRef = 7B028BCD26248F9D009DD3F8 /* AgoraCore.framework */; };
		7B028BD026248F9D009DD3F8 /* AgoraCore.framework in Embed Frameworks */ = {isa = PBXBuildFile; fileRef = 7B028BCD26248F9D009DD3F8 /* AgoraCore.framework */; settings = {ATTRIBUTES = (CodeSignOnCopy, RemoveHeadersOnCopy, ); }; };
		7B028BD126248F9D009DD3F8 /* AgoraRtmKit.framework in Frameworks */ = {isa = PBXBuildFile; fileRef = 7B028BCE26248F9D009DD3F8 /* AgoraRtmKit.framework */; };
		7B028BD226248F9D009DD3F8 /* AgoraRtmKit.framework in Embed Frameworks */ = {isa = PBXBuildFile; fileRef = 7B028BCE26248F9D009DD3F8 /* AgoraRtmKit.framework */; settings = {ATTRIBUTES = (CodeSignOnCopy, RemoveHeadersOnCopy, ); }; };
		7B028BD526248FB0009DD3F8 /* AgoraCore.framework in Resources */ = {isa = PBXBuildFile; fileRef = 7B028BD326248FB0009DD3F8 /* AgoraCore.framework */; };
		7B028BD626248FB0009DD3F8 /* AgoraRtmKit.framework in Resources */ = {isa = PBXBuildFile; fileRef = 7B028BD426248FB0009DD3F8 /* AgoraRtmKit.framework */; };
		7B028C9A262490D2009DD3F8 /* i_rtm_call_event_handler.mm in Sources */ = {isa = PBXBuildFile; fileRef = 7B028C77262490D2009DD3F8 /* i_rtm_call_event_handler.mm */; };
		7B028C9B262490D2009DD3F8 /* i_rtm_service_event_handler.mm in Sources */ = {isa = PBXBuildFile; fileRef = 7B028C7C262490D2009DD3F8 /* i_rtm_service_event_handler.mm */; };
		7B028C9C262490D2009DD3F8 /* i_local_call_invitation.mm in Sources */ = {isa = PBXBuildFile; fileRef = 7B028C7E262490D2009DD3F8 /* i_local_call_invitation.mm */; };
		7B028C9D262490D2009DD3F8 /* i_rtm_channel_attribute.mm in Sources */ = {isa = PBXBuildFile; fileRef = 7B028C81262490D2009DD3F8 /* i_rtm_channel_attribute.mm */; };
		7B028C9E262490D2009DD3F8 /* i_remote_call_invitation.mm in Sources */ = {isa = PBXBuildFile; fileRef = 7B028C85262490D2009DD3F8 /* i_remote_call_invitation.mm */; };
		7B028C9F262490D2009DD3F8 /* i_rtm_service.mm in Sources */ = {isa = PBXBuildFile; fileRef = 7B028C88262490D2009DD3F8 /* i_rtm_service.mm */; };
		7B028CA0262490D2009DD3F8 /* i_rtm_call_manager.mm in Sources */ = {isa = PBXBuildFile; fileRef = 7B028C89262490D2009DD3F8 /* i_rtm_call_manager.mm */; };
		7B028CA1262490D2009DD3F8 /* RtmCallEventHandler.mm in Sources */ = {isa = PBXBuildFile; fileRef = 7B028C8A262490D2009DD3F8 /* RtmCallEventHandler.mm */; };
		7B028CA2262490D2009DD3F8 /* LogHelper.mm in Sources */ = {isa = PBXBuildFile; fileRef = 7B028C8B262490D2009DD3F8 /* LogHelper.mm */; };
		7B028CA3262490D2009DD3F8 /* i_rtm_channel_event_handler.mm in Sources */ = {isa = PBXBuildFile; fileRef = 7B028C8D262490D2009DD3F8 /* i_rtm_channel_event_handler.mm */; };
		7B028CA4262490D2009DD3F8 /* ChannelEventHandler.mm in Sources */ = {isa = PBXBuildFile; fileRef = 7B028C8E262490D2009DD3F8 /* ChannelEventHandler.mm */; };
		7B028CA5262490D2009DD3F8 /* i_rtm_channel.mm in Sources */ = {isa = PBXBuildFile; fileRef = 7B028C8F262490D2009DD3F8 /* i_rtm_channel.mm */; };
		7B028CA6262490D2009DD3F8 /* i_rtm_image_message.mm in Sources */ = {isa = PBXBuildFile; fileRef = 7B028C90262490D2009DD3F8 /* i_rtm_image_message.mm */; };
		7B028CA7262490D2009DD3F8 /* i_rtm_file_message.mm in Sources */ = {isa = PBXBuildFile; fileRef = 7B028C92262490D2009DD3F8 /* i_rtm_file_message.mm */; };
		7B028CA8262490D2009DD3F8 /* i_rtm_message.mm in Sources */ = {isa = PBXBuildFile; fileRef = 7B028C94262490D2009DD3F8 /* i_rtm_message.mm */; };
		7B028CA9262490D2009DD3F8 /* Info.plist in Resources */ = {isa = PBXBuildFile; fileRef = 7B028C95262490D2009DD3F8 /* Info.plist */; };
		7B028CAA262490D2009DD3F8 /* RtmServiceEventHandler.mm in Sources */ = {isa = PBXBuildFile; fileRef = 7B028C96262490D2009DD3F8 /* RtmServiceEventHandler.mm */; };
		7B028CAB262490D2009DD3F8 /* i_rtm_channel_member.mm in Sources */ = {isa = PBXBuildFile; fileRef = 7B028C98262490D2009DD3F8 /* i_rtm_channel_member.mm */; };
/* End PBXBuildFile section */

/* Begin PBXCopyFilesBuildPhase section */
		7BD32F1225E3863D00F6DD82 /* Embed Frameworks */ = {
			isa = PBXCopyFilesBuildPhase;
			buildActionMask = 2147483647;
			dstPath = "";
			dstSubfolderSpec = 10;
			files = (
				7B028BD226248F9D009DD3F8 /* AgoraRtmKit.framework in Embed Frameworks */,
				7B028BD026248F9D009DD3F8 /* AgoraCore.framework in Embed Frameworks */,
			);
			name = "Embed Frameworks";
			runOnlyForDeploymentPostprocessing = 0;
		};
/* End PBXCopyFilesBuildPhase section */

/* Begin PBXFileReference section */
		497D9B3B2237C39C004A257C /* agoraRTMCWrapper.bundle */ = {isa = PBXFileReference; explicitFileType = wrapper.cfbundle; includeInIndex = 0; path = agoraRTMCWrapper.bundle; sourceTree = BUILT_PRODUCTS_DIR; };
		7B028BCD26248F9D009DD3F8 /* AgoraCore.framework */ = {isa = PBXFileReference; lastKnownFileType = wrapper.framework; name = AgoraCore.framework; path = Agora_RTM_SDK_for_Mac/libs/AgoraCore.framework; sourceTree = "<group>"; };
		7B028BCE26248F9D009DD3F8 /* AgoraRtmKit.framework */ = {isa = PBXFileReference; lastKnownFileType = wrapper.framework; name = AgoraRtmKit.framework; path = Agora_RTM_SDK_for_Mac/libs/AgoraRtmKit.framework; sourceTree = "<group>"; };
		7B028BD326248FB0009DD3F8 /* AgoraCore.framework */ = {isa = PBXFileReference; lastKnownFileType = wrapper.framework; name = AgoraCore.framework; path = Agora_RTM_SDK_for_Mac/libs/AgoraCore.framework; sourceTree = "<group>"; };
		7B028BD426248FB0009DD3F8 /* AgoraRtmKit.framework */ = {isa = PBXFileReference; lastKnownFileType = wrapper.framework; name = AgoraRtmKit.framework; path = Agora_RTM_SDK_for_Mac/libs/AgoraRtmKit.framework; sourceTree = "<group>"; };
		7B028C75262490D2009DD3F8 /* i_rtm_service.h */ = {isa = PBXFileReference; fileEncoding = 4; lastKnownFileType = sourcecode.c.h; path = i_rtm_service.h; sourceTree = "<group>"; };
		7B028C76262490D2009DD3F8 /* RtmServiceEventHandler.h */ = {isa = PBXFileReference; fileEncoding = 4; lastKnownFileType = sourcecode.c.h; path = RtmServiceEventHandler.h; sourceTree = "<group>"; };
		7B028C77262490D2009DD3F8 /* i_rtm_call_event_handler.mm */ = {isa = PBXFileReference; fileEncoding = 4; lastKnownFileType = sourcecode.cpp.objcpp; path = i_rtm_call_event_handler.mm; sourceTree = "<group>"; };
		7B028C78262490D2009DD3F8 /* i_rtm_channel.h */ = {isa = PBXFileReference; fileEncoding = 4; lastKnownFileType = sourcecode.c.h; path = i_rtm_channel.h; sourceTree = "<group>"; };
		7B028C79262490D2009DD3F8 /* i_rtm_channel_attribute.h */ = {isa = PBXFileReference; fileEncoding = 4; lastKnownFileType = sourcecode.c.h; path = i_rtm_channel_attribute.h; sourceTree = "<group>"; };
		7B028C7A262490D2009DD3F8 /* i_rtm_call_event_handler.h */ = {isa = PBXFileReference; fileEncoding = 4; lastKnownFileType = sourcecode.c.h; path = i_rtm_call_event_handler.h; sourceTree = "<group>"; };
		7B028C7B262490D2009DD3F8 /* i_rtm_call_manager.h */ = {isa = PBXFileReference; fileEncoding = 4; lastKnownFileType = sourcecode.c.h; path = i_rtm_call_manager.h; sourceTree = "<group>"; };
		7B028C7C262490D2009DD3F8 /* i_rtm_service_event_handler.mm */ = {isa = PBXFileReference; fileEncoding = 4; lastKnownFileType = sourcecode.cpp.objcpp; path = i_rtm_service_event_handler.mm; sourceTree = "<group>"; };
		7B028C7D262490D2009DD3F8 /* rtm_private_api.h */ = {isa = PBXFileReference; fileEncoding = 4; lastKnownFileType = sourcecode.c.h; path = rtm_private_api.h; sourceTree = "<group>"; };
		7B028C7E262490D2009DD3F8 /* i_local_call_invitation.mm */ = {isa = PBXFileReference; fileEncoding = 4; lastKnownFileType = sourcecode.cpp.objcpp; path = i_local_call_invitation.mm; sourceTree = "<group>"; };
		7B028C7F262490D2009DD3F8 /* i_rtm_message.h */ = {isa = PBXFileReference; fileEncoding = 4; lastKnownFileType = sourcecode.c.h; path = i_rtm_message.h; sourceTree = "<group>"; };
		7B028C80262490D2009DD3F8 /* ChannelEventHandler.h */ = {isa = PBXFileReference; fileEncoding = 4; lastKnownFileType = sourcecode.c.h; path = ChannelEventHandler.h; sourceTree = "<group>"; };
		7B028C81262490D2009DD3F8 /* i_rtm_channel_attribute.mm */ = {isa = PBXFileReference; fileEncoding = 4; lastKnownFileType = sourcecode.cpp.objcpp; path = i_rtm_channel_attribute.mm; sourceTree = "<group>"; };
		7B028C82262490D2009DD3F8 /* RtmCallEventHandler.h */ = {isa = PBXFileReference; fileEncoding = 4; lastKnownFileType = sourcecode.c.h; path = RtmCallEventHandler.h; sourceTree = "<group>"; };
		7B028C83262490D2009DD3F8 /* i_rtm_channel_member.h */ = {isa = PBXFileReference; fileEncoding = 4; lastKnownFileType = sourcecode.c.h; path = i_rtm_channel_member.h; sourceTree = "<group>"; };
		7B028C84262490D2009DD3F8 /* i_rtm_image_message.h */ = {isa = PBXFileReference; fileEncoding = 4; lastKnownFileType = sourcecode.c.h; path = i_rtm_image_message.h; sourceTree = "<group>"; };
		7B028C85262490D2009DD3F8 /* i_remote_call_invitation.mm */ = {isa = PBXFileReference; fileEncoding = 4; lastKnownFileType = sourcecode.cpp.objcpp; path = i_remote_call_invitation.mm; sourceTree = "<group>"; };
		7B028C86262490D2009DD3F8 /* i_remote_call_invitation.h */ = {isa = PBXFileReference; fileEncoding = 4; lastKnownFileType = sourcecode.c.h; path = i_remote_call_invitation.h; sourceTree = "<group>"; };
		7B028C87262490D2009DD3F8 /* common.h */ = {isa = PBXFileReference; fileEncoding = 4; lastKnownFileType = sourcecode.c.h; path = common.h; sourceTree = "<group>"; };
		7B028C88262490D2009DD3F8 /* i_rtm_service.mm */ = {isa = PBXFileReference; fileEncoding = 4; lastKnownFileType = sourcecode.cpp.objcpp; path = i_rtm_service.mm; sourceTree = "<group>"; };
		7B028C89262490D2009DD3F8 /* i_rtm_call_manager.mm */ = {isa = PBXFileReference; fileEncoding = 4; lastKnownFileType = sourcecode.cpp.objcpp; path = i_rtm_call_manager.mm; sourceTree = "<group>"; };
		7B028C8A262490D2009DD3F8 /* RtmCallEventHandler.mm */ = {isa = PBXFileReference; fileEncoding = 4; lastKnownFileType = sourcecode.cpp.objcpp; path = RtmCallEventHandler.mm; sourceTree = "<group>"; };
		7B028C8B262490D2009DD3F8 /* LogHelper.mm */ = {isa = PBXFileReference; fileEncoding = 4; lastKnownFileType = sourcecode.cpp.objcpp; path = LogHelper.mm; sourceTree = "<group>"; };
		7B028C8C262490D2009DD3F8 /* i_rtm_channel_event_handler.h */ = {isa = PBXFileReference; fileEncoding = 4; lastKnownFileType = sourcecode.c.h; path = i_rtm_channel_event_handler.h; sourceTree = "<group>"; };
		7B028C8D262490D2009DD3F8 /* i_rtm_channel_event_handler.mm */ = {isa = PBXFileReference; fileEncoding = 4; lastKnownFileType = sourcecode.cpp.objcpp; path = i_rtm_channel_event_handler.mm; sourceTree = "<group>"; };
		7B028C8E262490D2009DD3F8 /* ChannelEventHandler.mm */ = {isa = PBXFileReference; fileEncoding = 4; lastKnownFileType = sourcecode.cpp.objcpp; path = ChannelEventHandler.mm; sourceTree = "<group>"; };
		7B028C8F262490D2009DD3F8 /* i_rtm_channel.mm */ = {isa = PBXFileReference; fileEncoding = 4; lastKnownFileType = sourcecode.cpp.objcpp; path = i_rtm_channel.mm; sourceTree = "<group>"; };
		7B028C90262490D2009DD3F8 /* i_rtm_image_message.mm */ = {isa = PBXFileReference; fileEncoding = 4; lastKnownFileType = sourcecode.cpp.objcpp; path = i_rtm_image_message.mm; sourceTree = "<group>"; };
		7B028C91262490D2009DD3F8 /* i_rtm_service_event_handler.h */ = {isa = PBXFileReference; fileEncoding = 4; lastKnownFileType = sourcecode.c.h; path = i_rtm_service_event_handler.h; sourceTree = "<group>"; };
		7B028C92262490D2009DD3F8 /* i_rtm_file_message.mm */ = {isa = PBXFileReference; fileEncoding = 4; lastKnownFileType = sourcecode.cpp.objcpp; path = i_rtm_file_message.mm; sourceTree = "<group>"; };
		7B028C93262490D2009DD3F8 /* i_rtm_file_message.h */ = {isa = PBXFileReference; fileEncoding = 4; lastKnownFileType = sourcecode.c.h; path = i_rtm_file_message.h; sourceTree = "<group>"; };
		7B028C94262490D2009DD3F8 /* i_rtm_message.mm */ = {isa = PBXFileReference; fileEncoding = 4; lastKnownFileType = sourcecode.cpp.objcpp; path = i_rtm_message.mm; sourceTree = "<group>"; };
		7B028C95262490D2009DD3F8 /* Info.plist */ = {isa = PBXFileReference; fileEncoding = 4; lastKnownFileType = text.plist.xml; path = Info.plist; sourceTree = "<group>"; };
		7B028C96262490D2009DD3F8 /* RtmServiceEventHandler.mm */ = {isa = PBXFileReference; fileEncoding = 4; lastKnownFileType = sourcecode.cpp.objcpp; path = RtmServiceEventHandler.mm; sourceTree = "<group>"; };
		7B028C97262490D2009DD3F8 /* i_local_call_invitation.h */ = {isa = PBXFileReference; fileEncoding = 4; lastKnownFileType = sourcecode.c.h; path = i_local_call_invitation.h; sourceTree = "<group>"; };
		7B028C98262490D2009DD3F8 /* i_rtm_channel_member.mm */ = {isa = PBXFileReference; fileEncoding = 4; lastKnownFileType = sourcecode.cpp.objcpp; path = i_rtm_channel_member.mm; sourceTree = "<group>"; };
		7B028C99262490D2009DD3F8 /* LogHelper.h */ = {isa = PBXFileReference; fileEncoding = 4; lastKnownFileType = sourcecode.c.h; path = LogHelper.h; sourceTree = "<group>"; };
/* End PBXFileReference section */

/* Begin PBXFrameworksBuildPhase section */
		497D9B382237C39C004A257C /* Frameworks */ = {
			isa = PBXFrameworksBuildPhase;
			buildActionMask = 2147483647;
			files = (
				7B028BD126248F9D009DD3F8 /* AgoraRtmKit.framework in Frameworks */,
				7B028BCF26248F9D009DD3F8 /* AgoraCore.framework in Frameworks */,
			);
			runOnlyForDeploymentPostprocessing = 0;
		};
/* End PBXFrameworksBuildPhase section */

/* Begin PBXGroup section */
		497D9B322237C39C004A257C = {
			isa = PBXGroup;
			children = (
				7B028C74262490D2009DD3F8 /* agoraRTMCWrapper */,
				7B028BD326248FB0009DD3F8 /* AgoraCore.framework */,
				7B028BD426248FB0009DD3F8 /* AgoraRtmKit.framework */,
				497D9B3C2237C39C004A257C /* Products */,
				497D9B5B2237C5DD004A257C /* Frameworks */,
			);
			sourceTree = "<group>";
		};
		497D9B3C2237C39C004A257C /* Products */ = {
			isa = PBXGroup;
			children = (
				497D9B3B2237C39C004A257C /* agoraRTMCWrapper.bundle */,
			);
			name = Products;
			sourceTree = "<group>";
		};
		497D9B5B2237C5DD004A257C /* Frameworks */ = {
			isa = PBXGroup;
			children = (
				7B028BCD26248F9D009DD3F8 /* AgoraCore.framework */,
				7B028BCE26248F9D009DD3F8 /* AgoraRtmKit.framework */,
			);
			name = Frameworks;
			sourceTree = "<group>";
		};
		7B028C74262490D2009DD3F8 /* agoraRTMCWrapper */ = {
			isa = PBXGroup;
			children = (
				7B028C75262490D2009DD3F8 /* i_rtm_service.h */,
				7B028C76262490D2009DD3F8 /* RtmServiceEventHandler.h */,
				7B028C77262490D2009DD3F8 /* i_rtm_call_event_handler.mm */,
				7B028C78262490D2009DD3F8 /* i_rtm_channel.h */,
				7B028C79262490D2009DD3F8 /* i_rtm_channel_attribute.h */,
				7B028C7A262490D2009DD3F8 /* i_rtm_call_event_handler.h */,
				7B028C7B262490D2009DD3F8 /* i_rtm_call_manager.h */,
				7B028C7C262490D2009DD3F8 /* i_rtm_service_event_handler.mm */,
				7B028C7D262490D2009DD3F8 /* rtm_private_api.h */,
				7B028C7E262490D2009DD3F8 /* i_local_call_invitation.mm */,
				7B028C7F262490D2009DD3F8 /* i_rtm_message.h */,
				7B028C80262490D2009DD3F8 /* ChannelEventHandler.h */,
				7B028C81262490D2009DD3F8 /* i_rtm_channel_attribute.mm */,
				7B028C82262490D2009DD3F8 /* RtmCallEventHandler.h */,
				7B028C83262490D2009DD3F8 /* i_rtm_channel_member.h */,
				7B028C84262490D2009DD3F8 /* i_rtm_image_message.h */,
				7B028C85262490D2009DD3F8 /* i_remote_call_invitation.mm */,
				7B028C86262490D2009DD3F8 /* i_remote_call_invitation.h */,
				7B028C87262490D2009DD3F8 /* common.h */,
				7B028C88262490D2009DD3F8 /* i_rtm_service.mm */,
				7B028C89262490D2009DD3F8 /* i_rtm_call_manager.mm */,
				7B028C8A262490D2009DD3F8 /* RtmCallEventHandler.mm */,
				7B028C8B262490D2009DD3F8 /* LogHelper.mm */,
				7B028C8C262490D2009DD3F8 /* i_rtm_channel_event_handler.h */,
				7B028C8D262490D2009DD3F8 /* i_rtm_channel_event_handler.mm */,
				7B028C8E262490D2009DD3F8 /* ChannelEventHandler.mm */,
				7B028C8F262490D2009DD3F8 /* i_rtm_channel.mm */,
				7B028C90262490D2009DD3F8 /* i_rtm_image_message.mm */,
				7B028C91262490D2009DD3F8 /* i_rtm_service_event_handler.h */,
				7B028C92262490D2009DD3F8 /* i_rtm_file_message.mm */,
				7B028C93262490D2009DD3F8 /* i_rtm_file_message.h */,
				7B028C94262490D2009DD3F8 /* i_rtm_message.mm */,
				7B028C95262490D2009DD3F8 /* Info.plist */,
				7B028C96262490D2009DD3F8 /* RtmServiceEventHandler.mm */,
				7B028C97262490D2009DD3F8 /* i_local_call_invitation.h */,
				7B028C98262490D2009DD3F8 /* i_rtm_channel_member.mm */,
				7B028C99262490D2009DD3F8 /* LogHelper.h */,
			);
			path = agoraRTMCWrapper;
			sourceTree = "<group>";
		};
/* End PBXGroup section */

/* Begin PBXNativeTarget section */
		497D9B3A2237C39C004A257C /* agoraRTMCWrapper */ = {
			isa = PBXNativeTarget;
			buildConfigurationList = 497D9B412237C39C004A257C /* Build configuration list for PBXNativeTarget "agoraRTMCWrapper" */;
			buildPhases = (
				497D9B372237C39C004A257C /* Sources */,
				497D9B382237C39C004A257C /* Frameworks */,
				497D9B392237C39C004A257C /* Resources */,
				7BD32F1225E3863D00F6DD82 /* Embed Frameworks */,
			);
			buildRules = (
			);
			dependencies = (
			);
			name = agoraRTMCWrapper;
			productName = agoraRTMCWrapper;
			productReference = 497D9B3B2237C39C004A257C /* agoraRTMCWrapper.bundle */;
			productType = "com.apple.product-type.bundle";
		};
/* End PBXNativeTarget section */

/* Begin PBXProject section */
		497D9B332237C39C004A257C /* Project object */ = {
			isa = PBXProject;
			attributes = {
				LastUpgradeCheck = 0920;
				ORGANIZATIONNAME = "张涛";
				TargetAttributes = {
					497D9B3A2237C39C004A257C = {
						CreatedOnToolsVersion = 9.2;
						ProvisioningStyle = Manual;
					};
				};
			};
			buildConfigurationList = 497D9B362237C39C004A257C /* Build configuration list for PBXProject "agoraRTMCWrapper" */;
			compatibilityVersion = "Xcode 8.0";
			developmentRegion = en;
			hasScannedForEncodings = 0;
			knownRegions = (
				en,
			);
			mainGroup = 497D9B322237C39C004A257C;
			productRefGroup = 497D9B3C2237C39C004A257C /* Products */;
			projectDirPath = "";
			projectRoot = "";
			targets = (
				497D9B3A2237C39C004A257C /* agoraRTMCWrapper */,
			);
		};
/* End PBXProject section */

/* Begin PBXResourcesBuildPhase section */
		497D9B392237C39C004A257C /* Resources */ = {
			isa = PBXResourcesBuildPhase;
			buildActionMask = 2147483647;
			files = (
				7B028BD526248FB0009DD3F8 /* AgoraCore.framework in Resources */,
				7B028BD626248FB0009DD3F8 /* AgoraRtmKit.framework in Resources */,
				7B028CA9262490D2009DD3F8 /* Info.plist in Resources */,
			);
			runOnlyForDeploymentPostprocessing = 0;
		};
/* End PBXResourcesBuildPhase section */

/* Begin PBXSourcesBuildPhase section */
		497D9B372237C39C004A257C /* Sources */ = {
			isa = PBXSourcesBuildPhase;
			buildActionMask = 2147483647;
			files = (
				7B028CA8262490D2009DD3F8 /* i_rtm_message.mm in Sources */,
				7B028CAB262490D2009DD3F8 /* i_rtm_channel_member.mm in Sources */,
				7B028C9D262490D2009DD3F8 /* i_rtm_channel_attribute.mm in Sources */,
				7B028CA2262490D2009DD3F8 /* LogHelper.mm in Sources */,
				7B028CA4262490D2009DD3F8 /* ChannelEventHandler.mm in Sources */,
				7B028CA0262490D2009DD3F8 /* i_rtm_call_manager.mm in Sources */,
				7B028CAA262490D2009DD3F8 /* RtmServiceEventHandler.mm in Sources */,
				7B028C9A262490D2009DD3F8 /* i_rtm_call_event_handler.mm in Sources */,
				7B028C9E262490D2009DD3F8 /* i_remote_call_invitation.mm in Sources */,
				7B028C9F262490D2009DD3F8 /* i_rtm_service.mm in Sources */,
				7B028CA1262490D2009DD3F8 /* RtmCallEventHandler.mm in Sources */,
				7B028C9C262490D2009DD3F8 /* i_local_call_invitation.mm in Sources */,
				7B028C9B262490D2009DD3F8 /* i_rtm_service_event_handler.mm in Sources */,
				7B028CA3262490D2009DD3F8 /* i_rtm_channel_event_handler.mm in Sources */,
				7B028CA7262490D2009DD3F8 /* i_rtm_file_message.mm in Sources */,
				7B028CA5262490D2009DD3F8 /* i_rtm_channel.mm in Sources */,
				7B028CA6262490D2009DD3F8 /* i_rtm_image_message.mm in Sources */,
			);
			runOnlyForDeploymentPostprocessing = 0;
		};
/* End PBXSourcesBuildPhase section */

/* Begin XCBuildConfiguration section */
		497D9B3F2237C39C004A257C /* Debug */ = {
			isa = XCBuildConfiguration;
			buildSettings = {
				ALWAYS_SEARCH_USER_PATHS = NO;
				CLANG_ANALYZER_NONNULL = YES;
				CLANG_ANALYZER_NUMBER_OBJECT_CONVERSION = YES_AGGRESSIVE;
				CLANG_CXX_LANGUAGE_STANDARD = "gnu++14";
				CLANG_CXX_LIBRARY = "libc++";
				CLANG_ENABLE_MODULES = YES;
				CLANG_ENABLE_OBJC_ARC = YES;
				CLANG_WARN_BLOCK_CAPTURE_AUTORELEASING = YES;
				CLANG_WARN_BOOL_CONVERSION = YES;
				CLANG_WARN_COMMA = YES;
				CLANG_WARN_CONSTANT_CONVERSION = YES;
				CLANG_WARN_DIRECT_OBJC_ISA_USAGE = YES_ERROR;
				CLANG_WARN_DOCUMENTATION_COMMENTS = YES;
				CLANG_WARN_EMPTY_BODY = YES;
				CLANG_WARN_ENUM_CONVERSION = YES;
				CLANG_WARN_INFINITE_RECURSION = YES;
				CLANG_WARN_INT_CONVERSION = YES;
				CLANG_WARN_NON_LITERAL_NULL_CONVERSION = YES;
				CLANG_WARN_OBJC_LITERAL_CONVERSION = YES;
				CLANG_WARN_OBJC_ROOT_CLASS = YES_ERROR;
				CLANG_WARN_RANGE_LOOP_ANALYSIS = YES;
				CLANG_WARN_STRICT_PROTOTYPES = YES;
				CLANG_WARN_SUSPICIOUS_MOVE = YES;
				CLANG_WARN_UNGUARDED_AVAILABILITY = YES_AGGRESSIVE;
				CLANG_WARN_UNREACHABLE_CODE = YES;
				CLANG_WARN__DUPLICATE_METHOD_MATCH = YES;
				CODE_SIGN_IDENTITY = "Mac Developer";
				COPY_PHASE_STRIP = NO;
				DEBUG_INFORMATION_FORMAT = dwarf;
				ENABLE_STRICT_OBJC_MSGSEND = YES;
				ENABLE_TESTABILITY = YES;
				GCC_C_LANGUAGE_STANDARD = gnu11;
				GCC_DYNAMIC_NO_PIC = NO;
				GCC_NO_COMMON_BLOCKS = YES;
				GCC_OPTIMIZATION_LEVEL = 0;
				GCC_PREPROCESSOR_DEFINITIONS = (
					"DEBUG=1",
					"$(inherited)",
				);
				GCC_WARN_64_TO_32_BIT_CONVERSION = YES;
				GCC_WARN_ABOUT_RETURN_TYPE = YES_ERROR;
				GCC_WARN_UNDECLARED_SELECTOR = YES;
				GCC_WARN_UNINITIALIZED_AUTOS = YES_AGGRESSIVE;
				GCC_WARN_UNUSED_FUNCTION = YES;
				GCC_WARN_UNUSED_VARIABLE = YES;
				MACOSX_DEPLOYMENT_TARGET = 10.13;
				MTL_ENABLE_DEBUG_INFO = YES;
				ONLY_ACTIVE_ARCH = YES;
				SDKROOT = macosx;
			};
			name = Debug;
		};
		497D9B402237C39C004A257C /* Release */ = {
			isa = XCBuildConfiguration;
			buildSettings = {
				ALWAYS_SEARCH_USER_PATHS = NO;
				CLANG_ANALYZER_NONNULL = YES;
				CLANG_ANALYZER_NUMBER_OBJECT_CONVERSION = YES_AGGRESSIVE;
				CLANG_CXX_LANGUAGE_STANDARD = "gnu++14";
				CLANG_CXX_LIBRARY = "libc++";
				CLANG_ENABLE_MODULES = YES;
				CLANG_ENABLE_OBJC_ARC = YES;
				CLANG_WARN_BLOCK_CAPTURE_AUTORELEASING = YES;
				CLANG_WARN_BOOL_CONVERSION = YES;
				CLANG_WARN_COMMA = YES;
				CLANG_WARN_CONSTANT_CONVERSION = YES;
				CLANG_WARN_DIRECT_OBJC_ISA_USAGE = YES_ERROR;
				CLANG_WARN_DOCUMENTATION_COMMENTS = YES;
				CLANG_WARN_EMPTY_BODY = YES;
				CLANG_WARN_ENUM_CONVERSION = YES;
				CLANG_WARN_INFINITE_RECURSION = YES;
				CLANG_WARN_INT_CONVERSION = YES;
				CLANG_WARN_NON_LITERAL_NULL_CONVERSION = YES;
				CLANG_WARN_OBJC_LITERAL_CONVERSION = YES;
				CLANG_WARN_OBJC_ROOT_CLASS = YES_ERROR;
				CLANG_WARN_RANGE_LOOP_ANALYSIS = YES;
				CLANG_WARN_STRICT_PROTOTYPES = YES;
				CLANG_WARN_SUSPICIOUS_MOVE = YES;
				CLANG_WARN_UNGUARDED_AVAILABILITY = YES_AGGRESSIVE;
				CLANG_WARN_UNREACHABLE_CODE = YES;
				CLANG_WARN__DUPLICATE_METHOD_MATCH = YES;
				CODE_SIGN_IDENTITY = "Mac Developer";
				COPY_PHASE_STRIP = NO;
				DEBUG_INFORMATION_FORMAT = "dwarf-with-dsym";
				ENABLE_NS_ASSERTIONS = NO;
				ENABLE_STRICT_OBJC_MSGSEND = YES;
				GCC_C_LANGUAGE_STANDARD = gnu11;
				GCC_NO_COMMON_BLOCKS = YES;
				GCC_WARN_64_TO_32_BIT_CONVERSION = YES;
				GCC_WARN_ABOUT_RETURN_TYPE = YES_ERROR;
				GCC_WARN_UNDECLARED_SELECTOR = YES;
				GCC_WARN_UNINITIALIZED_AUTOS = YES_AGGRESSIVE;
				GCC_WARN_UNUSED_FUNCTION = YES;
				GCC_WARN_UNUSED_VARIABLE = YES;
				MACOSX_DEPLOYMENT_TARGET = 10.13;
				MTL_ENABLE_DEBUG_INFO = NO;
				SDKROOT = macosx;
			};
			name = Release;
		};
		497D9B422237C39C004A257C /* Debug */ = {
			isa = XCBuildConfiguration;
			buildSettings = {
				ARCHS = x86_64;
				CODE_SIGN_IDENTITY = "";
				CODE_SIGN_STYLE = Manual;
				COMBINE_HIDPI_IMAGES = YES;
				DEVELOPMENT_TEAM = "";
				FRAMEWORK_SEARCH_PATHS = (
					"$(inherited)",
					"$(CONTENTS_FOLDER_PATH)/../Resources",
					"$(PROJECT_DIR)",
					"$(PROJECT_DIR)/Agora_RTM_SDK_for_Mac/libs",
				);
				INFOPLIST_FILE = agoraRTMCWrapper/Info.plist;
				INSTALL_PATH = "$(LOCAL_LIBRARY_DIR)/Bundles";
				LD_RUNPATH_SEARCH_PATHS = "@loader_path/../Resources";
				PRODUCT_BUNDLE_IDENTIFIER = io.agora.agoraRTMCWrapper;
				PRODUCT_NAME = "$(TARGET_NAME)";
				PROVISIONING_PROFILE_SPECIFIER = "";
				SKIP_INSTALL = YES;
				WRAPPER_EXTENSION = bundle;
			};
			name = Debug;
		};
		497D9B432237C39C004A257C /* Release */ = {
			isa = XCBuildConfiguration;
			buildSettings = {
				ARCHS = x86_64;
				CODE_SIGN_IDENTITY = "";
				CODE_SIGN_STYLE = Manual;
				COMBINE_HIDPI_IMAGES = YES;
				DEVELOPMENT_TEAM = "";
				FRAMEWORK_SEARCH_PATHS = (
					"$(inherited)",
					"$(CONTENTS_FOLDER_PATH)/../Resources",
					"$(PROJECT_DIR)",
					"$(PROJECT_DIR)/Agora_RTM_SDK_for_Mac/libs",
				);
				INFOPLIST_FILE = agoraRTMCWrapper/Info.plist;
				INSTALL_PATH = "$(LOCAL_LIBRARY_DIR)/Bundles";
				LD_RUNPATH_SEARCH_PATHS = "@loader_path/../Resources";
				PRODUCT_BUNDLE_IDENTIFIER = io.agora.agoraRTMCWrapper;
				PRODUCT_NAME = "$(TARGET_NAME)";
				PROVISIONING_PROFILE_SPECIFIER = "";
				SKIP_INSTALL = YES;
				WRAPPER_EXTENSION = bundle;
			};
			name = Release;
		};
/* End XCBuildConfiguration section */

/* Begin XCConfigurationList section */
		497D9B362237C39C004A257C /* Build configuration list for PBXProject "agoraRTMCWrapper" */ = {
			isa = XCConfigurationList;
			buildConfigurations = (
				497D9B3F2237C39C004A257C /* Debug */,
				497D9B402237C39C004A257C /* Release */,
			);
			defaultConfigurationIsVisible = 0;
			defaultConfigurationName = Release;
		};
		497D9B412237C39C004A257C /* Build configuration list for PBXNativeTarget "agoraRTMCWrapper" */ = {
			isa = XCConfigurationList;
			buildConfigurations = (
				497D9B422237C39C004A257C /* Debug */,
				497D9B432237C39C004A257C /* Release */,
			);
			defaultConfigurationIsVisible = 0;
			defaultConfigurationName = Release;
		};
/* End XCConfigurationList section */
	};
	rootObject = 497D9B332237C39C004A257C /* Project object */;
}
