// !$*UTF8*$!
{
	archiveVersion = 1;
	classes = {
	};
	objectVersion = 50;
	objects = {

/* Begin PBXBuildFile section */
		7B2C77D526844D7E00DC4B6B /* i_rtm_channel.cpp in Sources */ = {isa = PBXBuildFile; fileRef = 7B2C77B226844D7D00DC4B6B /* i_rtm_channel.cpp */; };
		7B2C77D626844D7E00DC4B6B /* LogHelper.cpp in Sources */ = {isa = PBXBuildFile; fileRef = 7B2C77B426844D7E00DC4B6B /* LogHelper.cpp */; };
		7B2C77D826844D7E00DC4B6B /* i_rtm_call_manager.cpp in Sources */ = {isa = PBXBuildFile; fileRef = 7B2C77B826844D7E00DC4B6B /* i_rtm_call_manager.cpp */; };
		7B2C77D926844D7E00DC4B6B /* RtmCallEventHandler.cpp in Sources */ = {isa = PBXBuildFile; fileRef = 7B2C77B926844D7E00DC4B6B /* RtmCallEventHandler.cpp */; };
		7B2C77DA26844D7E00DC4B6B /* i_rtm_channel_attribute.cpp in Sources */ = {isa = PBXBuildFile; fileRef = 7B2C77BE26844D7E00DC4B6B /* i_rtm_channel_attribute.cpp */; };
		7B2C77DC26844D7E00DC4B6B /* i_rtm_message.cpp in Sources */ = {isa = PBXBuildFile; fileRef = 7B2C77C026844D7E00DC4B6B /* i_rtm_message.cpp */; };
		7B2C77DD26844D7E00DC4B6B /* i_rtm_service.cpp in Sources */ = {isa = PBXBuildFile; fileRef = 7B2C77C126844D7E00DC4B6B /* i_rtm_service.cpp */; };
		7B2C77DE26844D7E00DC4B6B /* i_rtm_channel_member.cpp in Sources */ = {isa = PBXBuildFile; fileRef = 7B2C77CA26844D7E00DC4B6B /* i_rtm_channel_member.cpp */; };
		7B2C77DF26844D7E00DC4B6B /* i_rtm_service_event_handler.cpp in Sources */ = {isa = PBXBuildFile; fileRef = 7B2C77CB26844D7E00DC4B6B /* i_rtm_service_event_handler.cpp */; };
		7B2C77E026844D7E00DC4B6B /* i_local_call_invitation.cpp in Sources */ = {isa = PBXBuildFile; fileRef = 7B2C77CC26844D7E00DC4B6B /* i_local_call_invitation.cpp */; };
		7B2C77E126844D7E00DC4B6B /* i_rtm_channel_event_handler.cpp in Sources */ = {isa = PBXBuildFile; fileRef = 7B2C77CD26844D7E00DC4B6B /* i_rtm_channel_event_handler.cpp */; };
		7B2C77E226844D7E00DC4B6B /* ChannelEventHandler.cpp in Sources */ = {isa = PBXBuildFile; fileRef = 7B2C77CE26844D7E00DC4B6B /* ChannelEventHandler.cpp */; };
		7B2C77E326844D7E00DC4B6B /* i_remote_call_invitation.cpp in Sources */ = {isa = PBXBuildFile; fileRef = 7B2C77CF26844D7E00DC4B6B /* i_remote_call_invitation.cpp */; };
		7B2C77E426844D7E00DC4B6B /* RtmServiceEventHandler.cpp in Sources */ = {isa = PBXBuildFile; fileRef = 7B2C77D126844D7E00DC4B6B /* RtmServiceEventHandler.cpp */; };
		7B2C77E526844D7E00DC4B6B /* i_rtm_call_event_handler.cpp in Sources */ = {isa = PBXBuildFile; fileRef = 7B2C77D226844D7E00DC4B6B /* i_rtm_call_event_handler.cpp */; };
/* End PBXBuildFile section */

/* Begin PBXCopyFilesBuildPhase section */
		495B055125491A4300A9BEC0 /* CopyFiles */ = {
			isa = PBXCopyFilesBuildPhase;
			buildActionMask = 2147483647;
			dstPath = "include/$(PRODUCT_NAME)";
			dstSubfolderSpec = 16;
			files = (
			);
			runOnlyForDeploymentPostprocessing = 0;
		};
/* End PBXCopyFilesBuildPhase section */

/* Begin PBXFileReference section */
		495B055325491A4300A9BEC0 /* libagoraRTMCWrapper.a */ = {isa = PBXFileReference; explicitFileType = archive.ar; includeInIndex = 0; path = libagoraRTMCWrapper.a; sourceTree = BUILT_PRODUCTS_DIR; };
		495B059625491B9900A9BEC0 /* IAgoraRtmCallManager.h */ = {isa = PBXFileReference; fileEncoding = 4; lastKnownFileType = sourcecode.c.h; path = IAgoraRtmCallManager.h; sourceTree = "<group>"; };
		495B059725491B9900A9BEC0 /* IAgoraRtmService.h */ = {isa = PBXFileReference; fileEncoding = 4; lastKnownFileType = sourcecode.c.h; path = IAgoraRtmService.h; sourceTree = "<group>"; };
		7B2C77B126844D7D00DC4B6B /* i_rtm_call_manager.h */ = {isa = PBXFileReference; fileEncoding = 4; lastKnownFileType = sourcecode.c.h; path = i_rtm_call_manager.h; sourceTree = "<group>"; };
		7B2C77B226844D7D00DC4B6B /* i_rtm_channel.cpp */ = {isa = PBXFileReference; fileEncoding = 4; lastKnownFileType = sourcecode.cpp.cpp; path = i_rtm_channel.cpp; sourceTree = "<group>"; };
		7B2C77B426844D7E00DC4B6B /* LogHelper.cpp */ = {isa = PBXFileReference; fileEncoding = 4; lastKnownFileType = sourcecode.cpp.cpp; path = LogHelper.cpp; sourceTree = "<group>"; };
		7B2C77B526844D7E00DC4B6B /* i_local_call_invitation.h */ = {isa = PBXFileReference; fileEncoding = 4; lastKnownFileType = sourcecode.c.h; path = i_local_call_invitation.h; sourceTree = "<group>"; };
		7B2C77B626844D7E00DC4B6B /* i_rtm_service.h */ = {isa = PBXFileReference; fileEncoding = 4; lastKnownFileType = sourcecode.c.h; path = i_rtm_service.h; sourceTree = "<group>"; };
		7B2C77B826844D7E00DC4B6B /* i_rtm_call_manager.cpp */ = {isa = PBXFileReference; fileEncoding = 4; lastKnownFileType = sourcecode.cpp.cpp; path = i_rtm_call_manager.cpp; sourceTree = "<group>"; };
		7B2C77B926844D7E00DC4B6B /* RtmCallEventHandler.cpp */ = {isa = PBXFileReference; fileEncoding = 4; lastKnownFileType = sourcecode.cpp.cpp; path = RtmCallEventHandler.cpp; sourceTree = "<group>"; };
		7B2C77BA26844D7E00DC4B6B /* i_rtm_call_event_handler.h */ = {isa = PBXFileReference; fileEncoding = 4; lastKnownFileType = sourcecode.c.h; path = i_rtm_call_event_handler.h; sourceTree = "<group>"; };
		7B2C77BB26844D7E00DC4B6B /* i_rtm_channel.h */ = {isa = PBXFileReference; fileEncoding = 4; lastKnownFileType = sourcecode.c.h; path = i_rtm_channel.h; sourceTree = "<group>"; };
		7B2C77BC26844D7E00DC4B6B /* RtmCallEventHandler.h */ = {isa = PBXFileReference; fileEncoding = 4; lastKnownFileType = sourcecode.c.h; path = RtmCallEventHandler.h; sourceTree = "<group>"; };
		7B2C77BD26844D7E00DC4B6B /* common.h */ = {isa = PBXFileReference; fileEncoding = 4; lastKnownFileType = sourcecode.c.h; path = common.h; sourceTree = "<group>"; };
		7B2C77BE26844D7E00DC4B6B /* i_rtm_channel_attribute.cpp */ = {isa = PBXFileReference; fileEncoding = 4; lastKnownFileType = sourcecode.cpp.cpp; path = i_rtm_channel_attribute.cpp; sourceTree = "<group>"; };
		7B2C77C026844D7E00DC4B6B /* i_rtm_message.cpp */ = {isa = PBXFileReference; fileEncoding = 4; lastKnownFileType = sourcecode.cpp.cpp; path = i_rtm_message.cpp; sourceTree = "<group>"; };
		7B2C77C126844D7E00DC4B6B /* i_rtm_service.cpp */ = {isa = PBXFileReference; fileEncoding = 4; lastKnownFileType = sourcecode.cpp.cpp; path = i_rtm_service.cpp; sourceTree = "<group>"; };
		7B2C77C226844D7E00DC4B6B /* ChannelEventHandler.h */ = {isa = PBXFileReference; fileEncoding = 4; lastKnownFileType = sourcecode.c.h; path = ChannelEventHandler.h; sourceTree = "<group>"; };
		7B2C77C326844D7E00DC4B6B /* rtm_private_api.h */ = {isa = PBXFileReference; fileEncoding = 4; lastKnownFileType = sourcecode.c.h; path = rtm_private_api.h; sourceTree = "<group>"; };
		7B2C77C526844D7E00DC4B6B /* i_rtm_service_event_handler.h */ = {isa = PBXFileReference; fileEncoding = 4; lastKnownFileType = sourcecode.c.h; path = i_rtm_service_event_handler.h; sourceTree = "<group>"; };
		7B2C77C626844D7E00DC4B6B /* i_rtm_channel_event_handler.h */ = {isa = PBXFileReference; fileEncoding = 4; lastKnownFileType = sourcecode.c.h; path = i_rtm_channel_event_handler.h; sourceTree = "<group>"; };
		7B2C77C726844D7E00DC4B6B /* i_rtm_message.h */ = {isa = PBXFileReference; fileEncoding = 4; lastKnownFileType = sourcecode.c.h; path = i_rtm_message.h; sourceTree = "<group>"; };
		7B2C77C826844D7E00DC4B6B /* RtmServiceEventHandler.h */ = {isa = PBXFileReference; fileEncoding = 4; lastKnownFileType = sourcecode.c.h; path = RtmServiceEventHandler.h; sourceTree = "<group>"; };
		7B2C77C926844D7E00DC4B6B /* LogHelper.h */ = {isa = PBXFileReference; fileEncoding = 4; lastKnownFileType = sourcecode.c.h; path = LogHelper.h; sourceTree = "<group>"; };
		7B2C77CA26844D7E00DC4B6B /* i_rtm_channel_member.cpp */ = {isa = PBXFileReference; fileEncoding = 4; lastKnownFileType = sourcecode.cpp.cpp; path = i_rtm_channel_member.cpp; sourceTree = "<group>"; };
		7B2C77CB26844D7E00DC4B6B /* i_rtm_service_event_handler.cpp */ = {isa = PBXFileReference; fileEncoding = 4; lastKnownFileType = sourcecode.cpp.cpp; path = i_rtm_service_event_handler.cpp; sourceTree = "<group>"; };
		7B2C77CC26844D7E00DC4B6B /* i_local_call_invitation.cpp */ = {isa = PBXFileReference; fileEncoding = 4; lastKnownFileType = sourcecode.cpp.cpp; path = i_local_call_invitation.cpp; sourceTree = "<group>"; };
		7B2C77CD26844D7E00DC4B6B /* i_rtm_channel_event_handler.cpp */ = {isa = PBXFileReference; fileEncoding = 4; lastKnownFileType = sourcecode.cpp.cpp; path = i_rtm_channel_event_handler.cpp; sourceTree = "<group>"; };
		7B2C77CE26844D7E00DC4B6B /* ChannelEventHandler.cpp */ = {isa = PBXFileReference; fileEncoding = 4; lastKnownFileType = sourcecode.cpp.cpp; path = ChannelEventHandler.cpp; sourceTree = "<group>"; };
		7B2C77CF26844D7E00DC4B6B /* i_remote_call_invitation.cpp */ = {isa = PBXFileReference; fileEncoding = 4; lastKnownFileType = sourcecode.cpp.cpp; path = i_remote_call_invitation.cpp; sourceTree = "<group>"; };
		7B2C77D026844D7E00DC4B6B /* i_remote_call_invitation.h */ = {isa = PBXFileReference; fileEncoding = 4; lastKnownFileType = sourcecode.c.h; path = i_remote_call_invitation.h; sourceTree = "<group>"; };
		7B2C77D126844D7E00DC4B6B /* RtmServiceEventHandler.cpp */ = {isa = PBXFileReference; fileEncoding = 4; lastKnownFileType = sourcecode.cpp.cpp; path = RtmServiceEventHandler.cpp; sourceTree = "<group>"; };
		7B2C77D226844D7E00DC4B6B /* i_rtm_call_event_handler.cpp */ = {isa = PBXFileReference; fileEncoding = 4; lastKnownFileType = sourcecode.cpp.cpp; path = i_rtm_call_event_handler.cpp; sourceTree = "<group>"; };
		7B2C77D326844D7E00DC4B6B /* i_rtm_channel_attribute.h */ = {isa = PBXFileReference; fileEncoding = 4; lastKnownFileType = sourcecode.c.h; path = i_rtm_channel_attribute.h; sourceTree = "<group>"; };
		7B2C77D426844D7E00DC4B6B /* i_rtm_channel_member.h */ = {isa = PBXFileReference; fileEncoding = 4; lastKnownFileType = sourcecode.c.h; path = i_rtm_channel_member.h; sourceTree = "<group>"; };
/* End PBXFileReference section */

/* Begin PBXFrameworksBuildPhase section */
		495B055025491A4300A9BEC0 /* Frameworks */ = {
			isa = PBXFrameworksBuildPhase;
			buildActionMask = 2147483647;
			files = (
			);
			runOnlyForDeploymentPostprocessing = 0;
		};
/* End PBXFrameworksBuildPhase section */

/* Begin PBXGroup section */
		495B054A25491A4300A9BEC0 = {
			isa = PBXGroup;
			children = (
				495B059625491B9900A9BEC0 /* IAgoraRtmCallManager.h */,
				495B059725491B9900A9BEC0 /* IAgoraRtmService.h */,
				495B055525491A4300A9BEC0 /* agoraRTMCWrapper */,
				495B055425491A4300A9BEC0 /* Products */,
			);
			sourceTree = "<group>";
		};
		495B055425491A4300A9BEC0 /* Products */ = {
			isa = PBXGroup;
			children = (
				495B055325491A4300A9BEC0 /* libagoraRTMCWrapper.a */,
			);
			name = Products;
			sourceTree = "<group>";
		};
		495B055525491A4300A9BEC0 /* agoraRTMCWrapper */ = {
			isa = PBXGroup;
			children = (
				7B2C77CE26844D7E00DC4B6B /* ChannelEventHandler.cpp */,
				7B2C77C226844D7E00DC4B6B /* ChannelEventHandler.h */,
				7B2C77BD26844D7E00DC4B6B /* common.h */,
				7B2C77CC26844D7E00DC4B6B /* i_local_call_invitation.cpp */,
				7B2C77B526844D7E00DC4B6B /* i_local_call_invitation.h */,
				7B2C77CF26844D7E00DC4B6B /* i_remote_call_invitation.cpp */,
				7B2C77D026844D7E00DC4B6B /* i_remote_call_invitation.h */,
				7B2C77D226844D7E00DC4B6B /* i_rtm_call_event_handler.cpp */,
				7B2C77BA26844D7E00DC4B6B /* i_rtm_call_event_handler.h */,
				7B2C77B826844D7E00DC4B6B /* i_rtm_call_manager.cpp */,
				7B2C77B126844D7D00DC4B6B /* i_rtm_call_manager.h */,
				7B2C77BE26844D7E00DC4B6B /* i_rtm_channel_attribute.cpp */,
				7B2C77D326844D7E00DC4B6B /* i_rtm_channel_attribute.h */,
				7B2C77CD26844D7E00DC4B6B /* i_rtm_channel_event_handler.cpp */,
				7B2C77C626844D7E00DC4B6B /* i_rtm_channel_event_handler.h */,
				7B2C77CA26844D7E00DC4B6B /* i_rtm_channel_member.cpp */,
				7B2C77D426844D7E00DC4B6B /* i_rtm_channel_member.h */,
				7B2C77B226844D7D00DC4B6B /* i_rtm_channel.cpp */,
				7B2C77BB26844D7E00DC4B6B /* i_rtm_channel.h */,
				7B2C77C026844D7E00DC4B6B /* i_rtm_message.cpp */,
				7B2C77C726844D7E00DC4B6B /* i_rtm_message.h */,
				7B2C77CB26844D7E00DC4B6B /* i_rtm_service_event_handler.cpp */,
				7B2C77C526844D7E00DC4B6B /* i_rtm_service_event_handler.h */,
				7B2C77C126844D7E00DC4B6B /* i_rtm_service.cpp */,
				7B2C77B626844D7E00DC4B6B /* i_rtm_service.h */,
				7B2C77B426844D7E00DC4B6B /* LogHelper.cpp */,
				7B2C77C926844D7E00DC4B6B /* LogHelper.h */,
				7B2C77C326844D7E00DC4B6B /* rtm_private_api.h */,
				7B2C77B926844D7E00DC4B6B /* RtmCallEventHandler.cpp */,
				7B2C77BC26844D7E00DC4B6B /* RtmCallEventHandler.h */,
				7B2C77D126844D7E00DC4B6B /* RtmServiceEventHandler.cpp */,
				7B2C77C826844D7E00DC4B6B /* RtmServiceEventHandler.h */,
			);
			path = agoraRTMCWrapper;
			sourceTree = "<group>";
		};
/* End PBXGroup section */

/* Begin PBXNativeTarget section */
		495B055225491A4300A9BEC0 /* agoraRTMCWrapper */ = {
			isa = PBXNativeTarget;
			buildConfigurationList = 495B055C25491A4300A9BEC0 /* Build configuration list for PBXNativeTarget "agoraRTMCWrapper" */;
			buildPhases = (
				495B054F25491A4300A9BEC0 /* Sources */,
				495B055025491A4300A9BEC0 /* Frameworks */,
				495B055125491A4300A9BEC0 /* CopyFiles */,
			);
			buildRules = (
			);
			dependencies = (
			);
			name = agoraRTMCWrapper;
			productName = agoraRTMCWrapper;
			productReference = 495B055325491A4300A9BEC0 /* libagoraRTMCWrapper.a */;
			productType = "com.apple.product-type.library.static";
		};
/* End PBXNativeTarget section */

/* Begin PBXProject section */
		495B054B25491A4300A9BEC0 /* Project object */ = {
			isa = PBXProject;
			attributes = {
				LastUpgradeCheck = 1120;
				ORGANIZATIONNAME = "张涛";
				TargetAttributes = {
					495B055225491A4300A9BEC0 = {
						CreatedOnToolsVersion = 11.2.1;
					};
				};
			};
			buildConfigurationList = 495B054E25491A4300A9BEC0 /* Build configuration list for PBXProject "agoraRTMCWrapper" */;
			compatibilityVersion = "Xcode 9.3";
			developmentRegion = en;
			hasScannedForEncodings = 0;
			knownRegions = (
				en,
				Base,
			);
			mainGroup = 495B054A25491A4300A9BEC0;
			productRefGroup = 495B055425491A4300A9BEC0 /* Products */;
			projectDirPath = "";
			projectRoot = "";
			targets = (
				495B055225491A4300A9BEC0 /* agoraRTMCWrapper */,
			);
		};
/* End PBXProject section */

/* Begin PBXSourcesBuildPhase section */
		495B054F25491A4300A9BEC0 /* Sources */ = {
			isa = PBXSourcesBuildPhase;
			buildActionMask = 2147483647;
			files = (
				7B2C77E326844D7E00DC4B6B /* i_remote_call_invitation.cpp in Sources */,
				7B2C77DA26844D7E00DC4B6B /* i_rtm_channel_attribute.cpp in Sources */,
				7B2C77DC26844D7E00DC4B6B /* i_rtm_message.cpp in Sources */,
				7B2C77D626844D7E00DC4B6B /* LogHelper.cpp in Sources */,
				7B2C77DE26844D7E00DC4B6B /* i_rtm_channel_member.cpp in Sources */,
				7B2C77DF26844D7E00DC4B6B /* i_rtm_service_event_handler.cpp in Sources */,
				7B2C77DD26844D7E00DC4B6B /* i_rtm_service.cpp in Sources */,
				7B2C77E126844D7E00DC4B6B /* i_rtm_channel_event_handler.cpp in Sources */,
				7B2C77E026844D7E00DC4B6B /* i_local_call_invitation.cpp in Sources */,
				7B2C77D526844D7E00DC4B6B /* i_rtm_channel.cpp in Sources */,
				7B2C77E526844D7E00DC4B6B /* i_rtm_call_event_handler.cpp in Sources */,
				7B2C77E226844D7E00DC4B6B /* ChannelEventHandler.cpp in Sources */,
				7B2C77D926844D7E00DC4B6B /* RtmCallEventHandler.cpp in Sources */,
				7B2C77D826844D7E00DC4B6B /* i_rtm_call_manager.cpp in Sources */,
				7B2C77E426844D7E00DC4B6B /* RtmServiceEventHandler.cpp in Sources */,
			);
			runOnlyForDeploymentPostprocessing = 0;
		};
/* End PBXSourcesBuildPhase section */

/* Begin XCBuildConfiguration section */
		495B055A25491A4300A9BEC0 /* Debug */ = {
			isa = XCBuildConfiguration;
			buildSettings = {
				ALWAYS_SEARCH_USER_PATHS = NO;
				CLANG_ANALYZER_NONNULL = YES;
				CLANG_ANALYZER_NUMBER_OBJECT_CONVERSION = YES_AGGRESSIVE;
				CLANG_CXX_LANGUAGE_STANDARD = "c++0x";
				CLANG_CXX_LIBRARY = "libc++";
				CLANG_ENABLE_MODULES = YES;
				CLANG_ENABLE_OBJC_ARC = YES;
				CLANG_ENABLE_OBJC_WEAK = YES;
				CLANG_WARN_BLOCK_CAPTURE_AUTORELEASING = YES;
				CLANG_WARN_BOOL_CONVERSION = YES;
				CLANG_WARN_COMMA = YES;
				CLANG_WARN_CONSTANT_CONVERSION = YES;
				CLANG_WARN_DEPRECATED_OBJC_IMPLEMENTATIONS = YES;
				CLANG_WARN_DIRECT_OBJC_ISA_USAGE = YES_ERROR;
				CLANG_WARN_DOCUMENTATION_COMMENTS = YES;
				CLANG_WARN_EMPTY_BODY = YES;
				CLANG_WARN_ENUM_CONVERSION = YES;
				CLANG_WARN_INFINITE_RECURSION = YES;
				CLANG_WARN_INT_CONVERSION = YES;
				CLANG_WARN_NON_LITERAL_NULL_CONVERSION = YES;
				CLANG_WARN_OBJC_IMPLICIT_RETAIN_SELF = YES;
				CLANG_WARN_OBJC_LITERAL_CONVERSION = YES;
				CLANG_WARN_OBJC_ROOT_CLASS = YES_ERROR;
				CLANG_WARN_RANGE_LOOP_ANALYSIS = YES;
				CLANG_WARN_STRICT_PROTOTYPES = YES;
				CLANG_WARN_SUSPICIOUS_MOVE = YES;
				CLANG_WARN_UNGUARDED_AVAILABILITY = YES_AGGRESSIVE;
				CLANG_WARN_UNREACHABLE_CODE = YES;
				CLANG_WARN__DUPLICATE_METHOD_MATCH = YES;
				COPY_PHASE_STRIP = NO;
				DEBUG_INFORMATION_FORMAT = dwarf;
				ENABLE_STRICT_OBJC_MSGSEND = YES;
				ENABLE_TESTABILITY = YES;
				GCC_C_LANGUAGE_STANDARD = gnu11;
				GCC_DYNAMIC_NO_PIC = NO;
				GCC_NO_COMMON_BLOCKS = YES;
				GCC_OPTIMIZATION_LEVEL = 0;
				GCC_PREPROCESSOR_DEFINITIONS = (
					"DEBUG=1",
					"$(inherited)",
				);
				GCC_WARN_64_TO_32_BIT_CONVERSION = YES;
				GCC_WARN_ABOUT_RETURN_TYPE = YES_ERROR;
				GCC_WARN_UNDECLARED_SELECTOR = YES;
				GCC_WARN_UNINITIALIZED_AUTOS = YES_AGGRESSIVE;
				GCC_WARN_UNUSED_FUNCTION = YES;
				GCC_WARN_UNUSED_VARIABLE = YES;
				IPHONEOS_DEPLOYMENT_TARGET = 8.1;
				MTL_ENABLE_DEBUG_INFO = INCLUDE_SOURCE;
				MTL_FAST_MATH = YES;
				ONLY_ACTIVE_ARCH = YES;
				SDKROOT = iphoneos;
			};
			name = Debug;
		};
		495B055B25491A4300A9BEC0 /* Release */ = {
			isa = XCBuildConfiguration;
			buildSettings = {
				ALWAYS_SEARCH_USER_PATHS = NO;
				CLANG_ANALYZER_NONNULL = YES;
				CLANG_ANALYZER_NUMBER_OBJECT_CONVERSION = YES_AGGRESSIVE;
				CLANG_CXX_LANGUAGE_STANDARD = "c++0x";
				CLANG_CXX_LIBRARY = "libc++";
				CLANG_ENABLE_MODULES = YES;
				CLANG_ENABLE_OBJC_ARC = YES;
				CLANG_ENABLE_OBJC_WEAK = YES;
				CLANG_WARN_BLOCK_CAPTURE_AUTORELEASING = YES;
				CLANG_WARN_BOOL_CONVERSION = YES;
				CLANG_WARN_COMMA = YES;
				CLANG_WARN_CONSTANT_CONVERSION = YES;
				CLANG_WARN_DEPRECATED_OBJC_IMPLEMENTATIONS = YES;
				CLANG_WARN_DIRECT_OBJC_ISA_USAGE = YES_ERROR;
				CLANG_WARN_DOCUMENTATION_COMMENTS = YES;
				CLANG_WARN_EMPTY_BODY = YES;
				CLANG_WARN_ENUM_CONVERSION = YES;
				CLANG_WARN_INFINITE_RECURSION = YES;
				CLANG_WARN_INT_CONVERSION = YES;
				CLANG_WARN_NON_LITERAL_NULL_CONVERSION = YES;
				CLANG_WARN_OBJC_IMPLICIT_RETAIN_SELF = YES;
				CLANG_WARN_OBJC_LITERAL_CONVERSION = YES;
				CLANG_WARN_OBJC_ROOT_CLASS = YES_ERROR;
				CLANG_WARN_RANGE_LOOP_ANALYSIS = YES;
				CLANG_WARN_STRICT_PROTOTYPES = YES;
				CLANG_WARN_SUSPICIOUS_MOVE = YES;
				CLANG_WARN_UNGUARDED_AVAILABILITY = YES_AGGRESSIVE;
				CLANG_WARN_UNREACHABLE_CODE = YES;
				CLANG_WARN__DUPLICATE_METHOD_MATCH = YES;
				COPY_PHASE_STRIP = NO;
				DEBUG_INFORMATION_FORMAT = "dwarf-with-dsym";
				ENABLE_NS_ASSERTIONS = NO;
				ENABLE_STRICT_OBJC_MSGSEND = YES;
				GCC_C_LANGUAGE_STANDARD = gnu11;
				GCC_NO_COMMON_BLOCKS = YES;
				GCC_WARN_64_TO_32_BIT_CONVERSION = YES;
				GCC_WARN_ABOUT_RETURN_TYPE = YES_ERROR;
				GCC_WARN_UNDECLARED_SELECTOR = YES;
				GCC_WARN_UNINITIALIZED_AUTOS = YES_AGGRESSIVE;
				GCC_WARN_UNUSED_FUNCTION = YES;
				GCC_WARN_UNUSED_VARIABLE = YES;
				IPHONEOS_DEPLOYMENT_TARGET = 8.1;
				MTL_ENABLE_DEBUG_INFO = NO;
				MTL_FAST_MATH = YES;
				SDKROOT = iphoneos;
				VALIDATE_PRODUCT = YES;
			};
			name = Release;
		};
		495B055D25491A4300A9BEC0 /* Debug */ = {
			isa = XCBuildConfiguration;
			buildSettings = {
				CODE_SIGN_STYLE = Automatic;
				OTHER_LDFLAGS = "-ObjC";
				PRODUCT_NAME = "$(TARGET_NAME)";
				SKIP_INSTALL = YES;
				TARGETED_DEVICE_FAMILY = "1,2";
			};
			name = Debug;
		};
		495B055E25491A4300A9BEC0 /* Release */ = {
			isa = XCBuildConfiguration;
			buildSettings = {
				CODE_SIGN_STYLE = Automatic;
				OTHER_LDFLAGS = "-ObjC";
				PRODUCT_NAME = "$(TARGET_NAME)";
				SKIP_INSTALL = YES;
				TARGETED_DEVICE_FAMILY = "1,2";
			};
			name = Release;
		};
/* End XCBuildConfiguration section */

/* Begin XCConfigurationList section */
		495B054E25491A4300A9BEC0 /* Build configuration list for PBXProject "agoraRTMCWrapper" */ = {
			isa = XCConfigurationList;
			buildConfigurations = (
				495B055A25491A4300A9BEC0 /* Debug */,
				495B055B25491A4300A9BEC0 /* Release */,
			);
			defaultConfigurationIsVisible = 0;
			defaultConfigurationName = Release;
		};
		495B055C25491A4300A9BEC0 /* Build configuration list for PBXNativeTarget "agoraRTMCWrapper" */ = {
			isa = XCConfigurationList;
			buildConfigurations = (
				495B055D25491A4300A9BEC0 /* Debug */,
				495B055E25491A4300A9BEC0 /* Release */,
			);
			defaultConfigurationIsVisible = 0;
			defaultConfigurationName = Release;
		};
/* End XCConfigurationList section */
	};
	rootObject = 495B054B25491A4300A9BEC0 /* Project object */;
}
